
Microsoft Visual Studio Solution File, Format Version 12.00
# Visual Studio Version 17
VisualStudioVersion = 17.11.35222.181
MinimumVisualStudioVersion = 10.0.40219.1
Project("{FAE04EC0-301F-11D3-BF4B-00C04F79EFBC}") = "BlazorApp1", "BlazorApp1.csproj", "{42D2A3B3-63D5-4053-BCBE-9EFC70B3A4E1}"
EndProject
Global
	GlobalSection(SolutionConfigurationPlatforms) = preSolution
		Debug|Any CPU = Debug|Any CPU
		Release|Any CPU = Release|Any CPU
	EndGlobalSection
	GlobalSection(ProjectConfigurationPlatforms) = postSolution
		{42D2A3B3-63D5-4053-BCBE-9EFC70B3A4E1}.Debug|Any CPU.ActiveCfg = Debug|Any CPU
		{42D2A3B3-63D5-4053-BCBE-9EFC70B3A4E1}.Debug|Any CPU.Build.0 = Debug|Any CPU
		{42D2A3B3-63D5-4053-BCBE-9EFC70B3A4E1}.Release|Any CPU.ActiveCfg = Release|Any CPU
		{42D2A3B3-63D5-4053-BCBE-9EFC70B3A4E1}.Release|Any CPU.Build.0 = Release|Any CPU
	EndGlobalSection
	GlobalSection(SolutionProperties) = preSolution
		HideSolutionNode = FALSE
	EndGlobalSection
	GlobalSection(ExtensibilityGlobals) = postSolution
		SolutionGuid = {5EDDBD29-57A0-4A28-AF80-817CB1510D98}
	EndGlobalSection
EndGlobal
